
Microsoft Visual Studio Solution File, Format Version 12.00
# Visual Studio Version 16
VisualStudioVersion = 16.0.29728.190
MinimumVisualStudioVersion = 10.0.40219.1
Project("{FAE04EC0-301F-11D3-BF4B-00C04F79EFBC}") = "SverigesFF-API", "SverigesFF-API\SverigesFF-API.csproj", "{F7F49CB6-AD9F-4367-BE84-3F3456A61C5B}"
EndProject
Global
	GlobalSection(SolutionConfigurationPlatforms) = preSolution
		Debug|Any CPU = Debug|Any CPU
		Release|Any CPU = Release|Any CPU
	EndGlobalSection
	GlobalSection(ProjectConfigurationPlatforms) = postSolution
		{F7F49CB6-AD9F-4367-BE84-3F3456A61C5B}.Debug|Any CPU.ActiveCfg = Debug|Any CPU
		{F7F49CB6-AD9F-4367-BE84-3F3456A61C5B}.Debug|Any CPU.Build.0 = Debug|Any CPU
		{F7F49CB6-AD9F-4367-BE84-3F3456A61C5B}.Release|Any CPU.ActiveCfg = Release|Any CPU
		{F7F49CB6-AD9F-4367-BE84-3F3456A61C5B}.Release|Any CPU.Build.0 = Release|Any CPU
	EndGlobalSection
	GlobalSection(SolutionProperties) = preSolution
		HideSolutionNode = FALSE
	EndGlobalSection
	GlobalSection(ExtensibilityGlobals) = postSolution
		SolutionGuid = {3E6A6FB2-F131-408F-8A99-1D275C9218FA}
	EndGlobalSection
EndGlobal
